// !$*UTF8*$!
{
	archiveVersion = 1;
	classes = {
	};
	objectVersion = 56;
	objects = {

/* Begin PBXBuildFile section */
		81DC54A529B31E9E006488B4 /* JcyMapLibraryApp.swift in Sources */ = {isa = PBXBuildFile; fileRef = 81DC54A429B31E9E006488B4 /* JcyMapLibraryApp.swift */; };
		81DC54A729B31E9E006488B4 /* ContentView.swift in Sources */ = {isa = PBXBuildFile; fileRef = 81DC54A629B31E9E006488B4 /* ContentView.swift */; };
		81DC54A929B31E9F006488B4 /* Assets.xcassets in Resources */ = {isa = PBXBuildFile; fileRef = 81DC54A829B31E9F006488B4 /* Assets.xcassets */; };
		81DC54AC29B31E9F006488B4 /* Preview Assets.xcassets in Resources */ = {isa = PBXBuildFile; fileRef = 81DC54AB29B31E9F006488B4 /* Preview Assets.xcassets */; };
		81DC54B629B31E9F006488B4 /* JcyMapLibraryTests.swift in Sources */ = {isa = PBXBuildFile; fileRef = 81DC54B529B31E9F006488B4 /* JcyMapLibraryTests.swift */; };
		81DC54C029B31E9F006488B4 /* JcyMapLibraryUITests.swift in Sources */ = {isa = PBXBuildFile; fileRef = 81DC54BF29B31E9F006488B4 /* JcyMapLibraryUITests.swift */; };
		81DC54C229B31E9F006488B4 /* JcyMapLibraryUITestsLaunchTests.swift in Sources */ = {isa = PBXBuildFile; fileRef = 81DC54C129B31E9F006488B4 /* JcyMapLibraryUITestsLaunchTests.swift */; };
/* End PBXBuildFile section */

/* Begin PBXContainerItemProxy section */
		81DC54B229B31E9F006488B4 /* PBXContainerItemProxy */ = {
			isa = PBXContainerItemProxy;
			containerPortal = 81DC549929B31E9E006488B4 /* Project object */;
			proxyType = 1;
			remoteGlobalIDString = 81DC54A029B31E9E006488B4;
			remoteInfo = JcyMapLibrary;
		};
		81DC54BC29B31E9F006488B4 /* PBXContainerItemProxy */ = {
			isa = PBXContainerItemProxy;
			containerPortal = 81DC549929B31E9E006488B4 /* Project object */;
			proxyType = 1;
			remoteGlobalIDString = 81DC54A029B31E9E006488B4;
			remoteInfo = JcyMapLibrary;
		};
/* End PBXContainerItemProxy section */

/* Begin PBXFileReference section */
		81DC54A129B31E9E006488B4 /* JcyMapLibrary.app */ = {isa = PBXFileReference; explicitFileType = wrapper.application; includeInIndex = 0; path = JcyMapLibrary.app; sourceTree = BUILT_PRODUCTS_DIR; };
		81DC54A429B31E9E006488B4 /* JcyMapLibraryApp.swift */ = {isa = PBXFileReference; lastKnownFileType = sourcecode.swift; path = JcyMapLibraryApp.swift; sourceTree = "<group>"; };
		81DC54A629B31E9E006488B4 /* ContentView.swift */ = {isa = PBXFileReference; lastKnownFileType = sourcecode.swift; path = ContentView.swift; sourceTree = "<group>"; };
		81DC54A829B31E9F006488B4 /* Assets.xcassets */ = {isa = PBXFileReference; lastKnownFileType = folder.assetcatalog; path = Assets.xcassets; sourceTree = "<group>"; };
		81DC54AB29B31E9F006488B4 /* Preview Assets.xcassets */ = {isa = PBXFileReference; lastKnownFileType = folder.assetcatalog; path = "Preview Assets.xcassets"; sourceTree = "<group>"; };
		81DC54B129B31E9F006488B4 /* JcyMapLibraryTests.xctest */ = {isa = PBXFileReference; explicitFileType = wrapper.cfbundle; includeInIndex = 0; path = JcyMapLibraryTests.xctest; sourceTree = BUILT_PRODUCTS_DIR; };
		81DC54B529B31E9F006488B4 /* JcyMapLibraryTests.swift */ = {isa = PBXFileReference; lastKnownFileType = sourcecode.swift; path = JcyMapLibraryTests.swift; sourceTree = "<group>"; };
		81DC54BB29B31E9F006488B4 /* JcyMapLibraryUITests.xctest */ = {isa = PBXFileReference; explicitFileType = wrapper.cfbundle; includeInIndex = 0; path = JcyMapLibraryUITests.xctest; sourceTree = BUILT_PRODUCTS_DIR; };
		81DC54BF29B31E9F006488B4 /* JcyMapLibraryUITests.swift */ = {isa = PBXFileReference; lastKnownFileType = sourcecode.swift; path = JcyMapLibraryUITests.swift; sourceTree = "<group>"; };
		81DC54C129B31E9F006488B4 /* JcyMapLibraryUITestsLaunchTests.swift */ = {isa = PBXFileReference; lastKnownFileType = sourcecode.swift; path = JcyMapLibraryUITestsLaunchTests.swift; sourceTree = "<group>"; };
/* End PBXFileReference section */

/* Begin PBXFrameworksBuildPhase section */
		81DC549E29B31E9E006488B4 /* Frameworks */ = {
			isa = PBXFrameworksBuildPhase;
			buildActionMask = 2147483647;
			files = (
			);
			runOnlyForDeploymentPostprocessing = 0;
		};
		81DC54AE29B31E9F006488B4 /* Frameworks */ = {
			isa = PBXFrameworksBuildPhase;
			buildActionMask = 2147483647;
			files = (
			);
			runOnlyForDeploymentPostprocessing = 0;
		};
		81DC54B829B31E9F006488B4 /* Frameworks */ = {
			isa = PBXFrameworksBuildPhase;
			buildActionMask = 2147483647;
			files = (
			);
			runOnlyForDeploymentPostprocessing = 0;
		};
/* End PBXFrameworksBuildPhase section */

/* Begin PBXGroup section */
		81DC549829B31E9E006488B4 = {
			isa = PBXGroup;
			children = (
				81DC54A329B31E9E006488B4 /* JcyMapLibrary */,
				81DC54B429B31E9F006488B4 /* JcyMapLibraryTests */,
				81DC54BE29B31E9F006488B4 /* JcyMapLibraryUITests */,
				81DC54A229B31E9E006488B4 /* Products */,
			);
			sourceTree = "<group>";
		};
		81DC54A229B31E9E006488B4 /* Products */ = {
			isa = PBXGroup;
			children = (
				81DC54A129B31E9E006488B4 /* JcyMapLibrary.app */,
				81DC54B129B31E9F006488B4 /* JcyMapLibraryTests.xctest */,
				81DC54BB29B31E9F006488B4 /* JcyMapLibraryUITests.xctest */,
			);
			name = Products;
			sourceTree = "<group>";
		};
		81DC54A329B31E9E006488B4 /* JcyMapLibrary */ = {
			isa = PBXGroup;
			children = (
				81DC54A429B31E9E006488B4 /* JcyMapLibraryApp.swift */,
				81DC54A629B31E9E006488B4 /* ContentView.swift */,
				81DC54A829B31E9F006488B4 /* Assets.xcassets */,
				81DC54AA29B31E9F006488B4 /* Preview Content */,
			);
			path = JcyMapLibrary;
			sourceTree = "<group>";
		};
		81DC54AA29B31E9F006488B4 /* Preview Content */ = {
			isa = PBXGroup;
			children = (
				81DC54AB29B31E9F006488B4 /* Preview Assets.xcassets */,
			);
			path = "Preview Content";
			sourceTree = "<group>";
		};
		81DC54B429B31E9F006488B4 /* JcyMapLibraryTests */ = {
			isa = PBXGroup;
			children = (
				81DC54B529B31E9F006488B4 /* JcyMapLibraryTests.swift */,
			);
			path = JcyMapLibraryTests;
			sourceTree = "<group>";
		};
		81DC54BE29B31E9F006488B4 /* JcyMapLibraryUITests */ = {
			isa = PBXGroup;
			children = (
				81DC54BF29B31E9F006488B4 /* JcyMapLibraryUITests.swift */,
				81DC54C129B31E9F006488B4 /* JcyMapLibraryUITestsLaunchTests.swift */,
			);
			path = JcyMapLibraryUITests;
			sourceTree = "<group>";
		};
/* End PBXGroup section */

/* Begin PBXNativeTarget section */
		81DC54A029B31E9E006488B4 /* JcyMapLibrary */ = {
			isa = PBXNativeTarget;
			buildConfigurationList = 81DC54C529B31E9F006488B4 /* Build configuration list for PBXNativeTarget "JcyMapLibrary" */;
			buildPhases = (
				81DC549D29B31E9E006488B4 /* Sources */,
				81DC549E29B31E9E006488B4 /* Frameworks */,
				81DC549F29B31E9E006488B4 /* Resources */,
			);
			buildRules = (
			);
			dependencies = (
			);
			name = JcyMapLibrary;
			productName = JcyMapLibrary;
			productReference = 81DC54A129B31E9E006488B4 /* JcyMapLibrary.app */;
			productType = "com.apple.product-type.application";
		};
		81DC54B029B31E9F006488B4 /* JcyMapLibraryTests */ = {
			isa = PBXNativeTarget;
			buildConfigurationList = 81DC54C829B31E9F006488B4 /* Build configuration list for PBXNativeTarget "JcyMapLibraryTests" */;
			buildPhases = (
				81DC54AD29B31E9F006488B4 /* Sources */,
				81DC54AE29B31E9F006488B4 /* Frameworks */,
				81DC54AF29B31E9F006488B4 /* Resources */,
			);
			buildRules = (
			);
			dependencies = (
				81DC54B329B31E9F006488B4 /* PBXTargetDependency */,
			);
			name = JcyMapLibraryTests;
			productName = JcyMapLibraryTests;
			productReference = 81DC54B129B31E9F006488B4 /* JcyMapLibraryTests.xctest */;
			productType = "com.apple.product-type.bundle.unit-test";
		};
		81DC54BA29B31E9F006488B4 /* JcyMapLibraryUITests */ = {
			isa = PBXNativeTarget;
			buildConfigurationList = 81DC54CB29B31E9F006488B4 /* Build configuration list for PBXNativeTarget "JcyMapLibraryUITests" */;
			buildPhases = (
				81DC54B729B31E9F006488B4 /* Sources */,
				81DC54B829B31E9F006488B4 /* Frameworks */,
				81DC54B929B31E9F006488B4 /* Resources */,
			);
			buildRules = (
			);
			dependencies = (
				81DC54BD29B31E9F006488B4 /* PBXTargetDependency */,
			);
			name = JcyMapLibraryUITests;
			productName = JcyMapLibraryUITests;
			productReference = 81DC54BB29B31E9F006488B4 /* JcyMapLibraryUITests.xctest */;
			productType = "com.apple.product-type.bundle.ui-testing";
		};
/* End PBXNativeTarget section */

/* Begin PBXProject section */
		81DC549929B31E9E006488B4 /* Project object */ = {
			isa = PBXProject;
			attributes = {
				BuildIndependentTargetsInParallel = 1;
				LastSwiftUpdateCheck = 1420;
				LastUpgradeCheck = 1420;
				TargetAttributes = {
					81DC54A029B31E9E006488B4 = {
						CreatedOnToolsVersion = 14.2;
					};
					81DC54B029B31E9F006488B4 = {
						CreatedOnToolsVersion = 14.2;
						TestTargetID = 81DC54A029B31E9E006488B4;
					};
					81DC54BA29B31E9F006488B4 = {
						CreatedOnToolsVersion = 14.2;
						TestTargetID = 81DC54A029B31E9E006488B4;
					};
				};
			};
			buildConfigurationList = 81DC549C29B31E9E006488B4 /* Build configuration list for PBXProject "JcyMapLibrary" */;
			compatibilityVersion = "Xcode 14.0";
			developmentRegion = en;
			hasScannedForEncodings = 0;
			knownRegions = (
				en,
				Base,
			);
			mainGroup = 81DC549829B31E9E006488B4;
			productRefGroup = 81DC54A229B31E9E006488B4 /* Products */;
			projectDirPath = "";
			projectRoot = "";
			targets = (
				81DC54A029B31E9E006488B4 /* JcyMapLibrary */,
				81DC54B029B31E9F006488B4 /* JcyMapLibraryTests */,
				81DC54BA29B31E9F006488B4 /* JcyMapLibraryUITests */,
			);
		};
/* End PBXProject section */

/* Begin PBXResourcesBuildPhase section */
		81DC549F29B31E9E006488B4 /* Resources */ = {
			isa = PBXResourcesBuildPhase;
			buildActionMask = 2147483647;
			files = (
				81DC54AC29B31E9F006488B4 /* Preview Assets.xcassets in Resources */,
				81DC54A929B31E9F006488B4 /* Assets.xcassets in Resources */,
			);
			runOnlyForDeploymentPostprocessing = 0;
		};
		81DC54AF29B31E9F006488B4 /* Resources */ = {
			isa = PBXResourcesBuildPhase;
			buildActionMask = 2147483647;
			files = (
			);
			runOnlyForDeploymentPostprocessing = 0;
		};
		81DC54B929B31E9F006488B4 /* Resources */ = {
			isa = PBXResourcesBuildPhase;
			buildActionMask = 2147483647;
			files = (
			);
			runOnlyForDeploymentPostprocessing = 0;
		};
/* End PBXResourcesBuildPhase section */

/* Begin PBXSourcesBuildPhase section */
		81DC549D29B31E9E006488B4 /* Sources */ = {
			isa = PBXSourcesBuildPhase;
			buildActionMask = 2147483647;
			files = (
				81DC54A729B31E9E006488B4 /* ContentView.swift in Sources */,
				81DC54A529B31E9E006488B4 /* JcyMapLibraryApp.swift in Sources */,
			);
			runOnlyForDeploymentPostprocessing = 0;
		};
		81DC54AD29B31E9F006488B4 /* Sources */ = {
			isa = PBXSourcesBuildPhase;
			buildActionMask = 2147483647;
			files = (
				81DC54B629B31E9F006488B4 /* JcyMapLibraryTests.swift in Sources */,
			);
			runOnlyForDeploymentPostprocessing = 0;
		};
		81DC54B729B31E9F006488B4 /* Sources */ = {
			isa = PBXSourcesBuildPhase;
			buildActionMask = 2147483647;
			files = (
				81DC54C229B31E9F006488B4 /* JcyMapLibraryUITestsLaunchTests.swift in Sources */,
				81DC54C029B31E9F006488B4 /* JcyMapLibraryUITests.swift in Sources */,
			);
			runOnlyForDeploymentPostprocessing = 0;
		};
/* End PBXSourcesBuildPhase section */

/* Begin PBXTargetDependency section */
		81DC54B329B31E9F006488B4 /* PBXTargetDependency */ = {
			isa = PBXTargetDependency;
			target = 81DC54A029B31E9E006488B4 /* JcyMapLibrary */;
			targetProxy = 81DC54B229B31E9F006488B4 /* PBXContainerItemProxy */;
		};
		81DC54BD29B31E9F006488B4 /* PBXTargetDependency */ = {
			isa = PBXTargetDependency;
			target = 81DC54A029B31E9E006488B4 /* JcyMapLibrary */;
			targetProxy = 81DC54BC29B31E9F006488B4 /* PBXContainerItemProxy */;
		};
/* End PBXTargetDependency section */

/* Begin XCBuildConfiguration section */
		81DC54C329B31E9F006488B4 /* Debug */ = {
			isa = XCBuildConfiguration;
			buildSettings = {
				ALWAYS_SEARCH_USER_PATHS = NO;
				CLANG_ANALYZER_NONNULL = YES;
				CLANG_ANALYZER_NUMBER_OBJECT_CONVERSION = YES_AGGRESSIVE;
				CLANG_CXX_LANGUAGE_STANDARD = "gnu++20";
				CLANG_ENABLE_MODULES = YES;
				CLANG_ENABLE_OBJC_ARC = YES;
				CLANG_ENABLE_OBJC_WEAK = YES;
				CLANG_WARN_BLOCK_CAPTURE_AUTORELEASING = YES;
				CLANG_WARN_BOOL_CONVERSION = YES;
				CLANG_WARN_COMMA = YES;
				CLANG_WARN_CONSTANT_CONVERSION = YES;
				CLANG_WARN_DEPRECATED_OBJC_IMPLEMENTATIONS = YES;
				CLANG_WARN_DIRECT_OBJC_ISA_USAGE = YES_ERROR;
				CLANG_WARN_DOCUMENTATION_COMMENTS = YES;
				CLANG_WARN_EMPTY_BODY = YES;
				CLANG_WARN_ENUM_CONVERSION = YES;
				CLANG_WARN_INFINITE_RECURSION = YES;
				CLANG_WARN_INT_CONVERSION = YES;
				CLANG_WARN_NON_LITERAL_NULL_CONVERSION = YES;
				CLANG_WARN_OBJC_IMPLICIT_RETAIN_SELF = YES;
				CLANG_WARN_OBJC_LITERAL_CONVERSION = YES;
				CLANG_WARN_OBJC_ROOT_CLASS = YES_ERROR;
				CLANG_WARN_QUOTED_INCLUDE_IN_FRAMEWORK_HEADER = YES;
				CLANG_WARN_RANGE_LOOP_ANALYSIS = YES;
				CLANG_WARN_STRICT_PROTOTYPES = YES;
				CLANG_WARN_SUSPICIOUS_MOVE = YES;
				CLANG_WARN_UNGUARDED_AVAILABILITY = YES_AGGRESSIVE;
				CLANG_WARN_UNREACHABLE_CODE = YES;
				CLANG_WARN__DUPLICATE_METHOD_MATCH = YES;
				COPY_PHASE_STRIP = NO;
				DEBUG_INFORMATION_FORMAT = dwarf;
				ENABLE_STRICT_OBJC_MSGSEND = YES;
				ENABLE_TESTABILITY = YES;
				GCC_C_LANGUAGE_STANDARD = gnu11;
				GCC_DYNAMIC_NO_PIC = NO;
				GCC_NO_COMMON_BLOCKS = YES;
				GCC_OPTIMIZATION_LEVEL = 0;
				GCC_PREPROCESSOR_DEFINITIONS = (
					"DEBUG=1",
					"$(inherited)",
				);
				GCC_WARN_64_TO_32_BIT_CONVERSION = YES;
				GCC_WARN_ABOUT_RETURN_TYPE = YES_ERROR;
				GCC_WARN_UNDECLARED_SELECTOR = YES;
				GCC_WARN_UNINITIALIZED_AUTOS = YES_AGGRESSIVE;
				GCC_WARN_UNUSED_FUNCTION = YES;
				GCC_WARN_UNUSED_VARIABLE = YES;
				IPHONEOS_DEPLOYMENT_TARGET = 16.2;
				MTL_ENABLE_DEBUG_INFO = INCLUDE_SOURCE;
				MTL_FAST_MATH = YES;
				ONLY_ACTIVE_ARCH = YES;
				SDKROOT = iphoneos;
				SWIFT_ACTIVE_COMPILATION_CONDITIONS = DEBUG;
				SWIFT_OPTIMIZATION_LEVEL = "-Onone";
			};
			name = Debug;
		};
		81DC54C429B31E9F006488B4 /* Release */ = {
			isa = XCBuildConfiguration;
			buildSettings = {
				ALWAYS_SEARCH_USER_PATHS = NO;
				CLANG_ANALYZER_NONNULL = YES;
				CLANG_ANALYZER_NUMBER_OBJECT_CONVERSION = YES_AGGRESSIVE;
				CLANG_CXX_LANGUAGE_STANDARD = "gnu++20";
				CLANG_ENABLE_MODULES = YES;
				CLANG_ENABLE_OBJC_ARC = YES;
				CLANG_ENABLE_OBJC_WEAK = YES;
				CLANG_WARN_BLOCK_CAPTURE_AUTORELEASING = YES;
				CLANG_WARN_BOOL_CONVERSION = YES;
				CLANG_WARN_COMMA = YES;
				CLANG_WARN_CONSTANT_CONVERSION = YES;
				CLANG_WARN_DEPRECATED_OBJC_IMPLEMENTATIONS = YES;
				CLANG_WARN_DIRECT_OBJC_ISA_USAGE = YES_ERROR;
				CLANG_WARN_DOCUMENTATION_COMMENTS = YES;
				CLANG_WARN_EMPTY_BODY = YES;
				CLANG_WARN_ENUM_CONVERSION = YES;
				CLANG_WARN_INFINITE_RECURSION = YES;
				CLANG_WARN_INT_CONVERSION = YES;
				CLANG_WARN_NON_LITERAL_NULL_CONVERSION = YES;
				CLANG_WARN_OBJC_IMPLICIT_RETAIN_SELF = YES;
				CLANG_WARN_OBJC_LITERAL_CONVERSION = YES;
				CLANG_WARN_OBJC_ROOT_CLASS = YES_ERROR;
				CLANG_WARN_QUOTED_INCLUDE_IN_FRAMEWORK_HEADER = YES;
				CLANG_WARN_RANGE_LOOP_ANALYSIS = YES;
				CLANG_WARN_STRICT_PROTOTYPES = YES;
				CLANG_WARN_SUSPICIOUS_MOVE = YES;
				CLANG_WARN_UNGUARDED_AVAILABILITY = YES_AGGRESSIVE;
				CLANG_WARN_UNREACHABLE_CODE = YES;
				CLANG_WARN__DUPLICATE_METHOD_MATCH = YES;
				COPY_PHASE_STRIP = NO;
				DEBUG_INFORMATION_FORMAT = "dwarf-with-dsym";
				ENABLE_NS_ASSERTIONS = NO;
				ENABLE_STRICT_OBJC_MSGSEND = YES;
				GCC_C_LANGUAGE_STANDARD = gnu11;
				GCC_NO_COMMON_BLOCKS = YES;
				GCC_WARN_64_TO_32_BIT_CONVERSION = YES;
				GCC_WARN_ABOUT_RETURN_TYPE = YES_ERROR;
				GCC_WARN_UNDECLARED_SELECTOR = YES;
				GCC_WARN_UNINITIALIZED_AUTOS = YES_AGGRESSIVE;
				GCC_WARN_UNUSED_FUNCTION = YES;
				GCC_WARN_UNUSED_VARIABLE = YES;
				IPHONEOS_DEPLOYMENT_TARGET = 16.2;
				MTL_ENABLE_DEBUG_INFO = NO;
				MTL_FAST_MATH = YES;
				SDKROOT = iphoneos;
				SWIFT_COMPILATION_MODE = wholemodule;
				SWIFT_OPTIMIZATION_LEVEL = "-O";
				VALIDATE_PRODUCT = YES;
			};
			name = Release;
		};
		81DC54C629B31E9F006488B4 /* Debug */ = {
			isa = XCBuildConfiguration;
			buildSettings = {
				ASSETCATALOG_COMPILER_APPICON_NAME = AppIcon;
				ASSETCATALOG_COMPILER_GLOBAL_ACCENT_COLOR_NAME = AccentColor;
				CODE_SIGN_STYLE = Automatic;
				CURRENT_PROJECT_VERSION = 1;
				DEVELOPMENT_ASSET_PATHS = "\"JcyMapLibrary/Preview Content\"";
				DEVELOPMENT_TEAM = R353886A6R;
				ENABLE_PREVIEWS = YES;
				GENERATE_INFOPLIST_FILE = YES;
				INFOPLIST_KEY_UIApplicationSceneManifest_Generation = YES;
				INFOPLIST_KEY_UIApplicationSupportsIndirectInputEvents = YES;
				INFOPLIST_KEY_UILaunchScreen_Generation = YES;
				INFOPLIST_KEY_UISupportedInterfaceOrientations_iPad = "UIInterfaceOrientationPortrait UIInterfaceOrientationPortraitUpsideDown UIInterfaceOrientationLandscapeLeft UIInterfaceOrientationLandscapeRight";
				INFOPLIST_KEY_UISupportedInterfaceOrientations_iPhone = "UIInterfaceOrientationPortrait UIInterfaceOrientationLandscapeLeft UIInterfaceOrientationLandscapeRight";
				LD_RUNPATH_SEARCH_PATHS = (
					"$(inherited)",
					"@executable_path/Frameworks",
				);
				MARKETING_VERSION = 1.0;
				PRODUCT_BUNDLE_IDENTIFIER = cn.gov.gxzf.dnr.jcy.lib.JcyMapLibrary;
				PRODUCT_NAME = "$(TARGET_NAME)";
				SWIFT_EMIT_LOC_STRINGS = YES;
				SWIFT_VERSION = 5.0;
				TARGETED_DEVICE_FAMILY = "1,2";
			};
			name = Debug;
		};
		81DC54C729B31E9F006488B4 /* Release */ = {
			isa = XCBuildConfiguration;
			buildSettings = {
				ASSETCATALOG_COMPILER_APPICON_NAME = AppIcon;
				ASSETCATALOG_COMPILER_GLOBAL_ACCENT_COLOR_NAME = AccentColor;
				CODE_SIGN_STYLE = Automatic;
				CURRENT_PROJECT_VERSION = 1;
				DEVELOPMENT_ASSET_PATHS = "\"JcyMapLibrary/Preview Content\"";
				DEVELOPMENT_TEAM = R353886A6R;
				ENABLE_PREVIEWS = YES;
				GENERATE_INFOPLIST_FILE = YES;
				INFOPLIST_KEY_UIApplicationSceneManifest_Generation = YES;
				INFOPLIST_KEY_UIApplicationSupportsIndirectInputEvents = YES;
				INFOPLIST_KEY_UILaunchScreen_Generation = YES;
				INFOPLIST_KEY_UISupportedInterfaceOrientations_iPad = "UIInterfaceOrientationPortrait UIInterfaceOrientationPortraitUpsideDown UIInterfaceOrientationLandscapeLeft UIInterfaceOrientationLandscapeRight";
				INFOPLIST_KEY_UISupportedInterfaceOrientations_iPhone = "UIInterfaceOrientationPortrait UIInterfaceOrientationLandscapeLeft UIInterfaceOrientationLandscapeRight";
				LD_RUNPATH_SEARCH_PATHS = (
					"$(inherited)",
					"@executable_path/Frameworks",
				);
				MARKETING_VERSION = 1.0;
				PRODUCT_BUNDLE_IDENTIFIER = cn.gov.gxzf.dnr.jcy.lib.JcyMapLibrary;
				PRODUCT_NAME = "$(TARGET_NAME)";
				SWIFT_EMIT_LOC_STRINGS = YES;
				SWIFT_VERSION = 5.0;
				TARGETED_DEVICE_FAMILY = "1,2";
			};
			name = Release;
		};
		81DC54C929B31E9F006488B4 /* Debug */ = {
			isa = XCBuildConfiguration;
			buildSettings = {
				ALWAYS_EMBED_SWIFT_STANDARD_LIBRARIES = YES;
				BUNDLE_LOADER = "$(TEST_HOST)";
				CODE_SIGN_STYLE = Automatic;
				CURRENT_PROJECT_VERSION = 1;
				DEVELOPMENT_TEAM = R353886A6R;
				GENERATE_INFOPLIST_FILE = YES;
				IPHONEOS_DEPLOYMENT_TARGET = 16.2;
				MARKETING_VERSION = 1.0;
				PRODUCT_BUNDLE_IDENTIFIER = cn.gov.gxzf.dnr.jcy.lib.JcyMapLibraryTests;
				PRODUCT_NAME = "$(TARGET_NAME)";
				SWIFT_EMIT_LOC_STRINGS = NO;
				SWIFT_VERSION = 5.0;
				TARGETED_DEVICE_FAMILY = "1,2";
				TEST_HOST = "$(BUILT_PRODUCTS_DIR)/JcyMapLibrary.app/$(BUNDLE_EXECUTABLE_FOLDER_PATH)/JcyMapLibrary";
			};
			name = Debug;
		};
		81DC54CA29B31E9F006488B4 /* Release */ = {
			isa = XCBuildConfiguration;
			buildSettings = {
				ALWAYS_EMBED_SWIFT_STANDARD_LIBRARIES = YES;
				BUNDLE_LOADER = "$(TEST_HOST)";
				CODE_SIGN_STYLE = Automatic;
				CURRENT_PROJECT_VERSION = 1;
				DEVELOPMENT_TEAM = R353886A6R;
				GENERATE_INFOPLIST_FILE = YES;
				IPHONEOS_DEPLOYMENT_TARGET = 16.2;
				MARKETING_VERSION = 1.0;
				PRODUCT_BUNDLE_IDENTIFIER = cn.gov.gxzf.dnr.jcy.lib.JcyMapLibraryTests;
				PRODUCT_NAME = "$(TARGET_NAME)";
				SWIFT_EMIT_LOC_STRINGS = NO;
				SWIFT_VERSION = 5.0;
				TARGETED_DEVICE_FAMILY = "1,2";
				TEST_HOST = "$(BUILT_PRODUCTS_DIR)/JcyMapLibrary.app/$(BUNDLE_EXECUTABLE_FOLDER_PATH)/JcyMapLibrary";
			};
			name = Release;
		};
		81DC54CC29B31E9F006488B4 /* Debug */ = {
			isa = XCBuildConfiguration;
			buildSettings = {
				ALWAYS_EMBED_SWIFT_STANDARD_LIBRARIES = YES;
				CODE_SIGN_STYLE = Automatic;
				CURRENT_PROJECT_VERSION = 1;
				DEVELOPMENT_TEAM = R353886A6R;
				GENERATE_INFOPLIST_FILE = YES;
				MARKETING_VERSION = 1.0;
				PRODUCT_BUNDLE_IDENTIFIER = cn.gov.gxzf.dnr.jcy.lib.JcyMapLibraryUITests;
				PRODUCT_NAME = "$(TARGET_NAME)";
				SWIFT_EMIT_LOC_STRINGS = NO;
				SWIFT_VERSION = 5.0;
				TARGETED_DEVICE_FAMILY = "1,2";
				TEST_TARGET_NAME = JcyMapLibrary;
			};
			name = Debug;
		};
		81DC54CD29B31E9F006488B4 /* Release */ = {
			isa = XCBuildConfiguration;
			buildSettings = {
				ALWAYS_EMBED_SWIFT_STANDARD_LIBRARIES = YES;
				CODE_SIGN_STYLE = Automatic;
				CURRENT_PROJECT_VERSION = 1;
				DEVELOPMENT_TEAM = R353886A6R;
				GENERATE_INFOPLIST_FILE = YES;
				MARKETING_VERSION = 1.0;
				PRODUCT_BUNDLE_IDENTIFIER = cn.gov.gxzf.dnr.jcy.lib.JcyMapLibraryUITests;
				PRODUCT_NAME = "$(TARGET_NAME)";
				SWIFT_EMIT_LOC_STRINGS = NO;
				SWIFT_VERSION = 5.0;
				TARGETED_DEVICE_FAMILY = "1,2";
				TEST_TARGET_NAME = JcyMapLibrary;
			};
			name = Release;
		};
/* End XCBuildConfiguration section */

/* Begin XCConfigurationList section */
		81DC549C29B31E9E006488B4 /* Build configuration list for PBXProject "JcyMapLibrary" */ = {
			isa = XCConfigurationList;
			buildConfigurations = (
				81DC54C329B31E9F006488B4 /* Debug */,
				81DC54C429B31E9F006488B4 /* Release */,
			);
			defaultConfigurationIsVisible = 0;
			defaultConfigurationName = Release;
		};
		81DC54C529B31E9F006488B4 /* Build configuration list for PBXNativeTarget "JcyMapLibrary" */ = {
			isa = XCConfigurationList;
			buildConfigurations = (
				81DC54C629B31E9F006488B4 /* Debug */,
				81DC54C729B31E9F006488B4 /* Release */,
			);
			defaultConfigurationIsVisible = 0;
			defaultConfigurationName = Release;
		};
		81DC54C829B31E9F006488B4 /* Build configuration list for PBXNativeTarget "JcyMapLibraryTests" */ = {
			isa = XCConfigurationList;
			buildConfigurations = (
				81DC54C929B31E9F006488B4 /* Debug */,
				81DC54CA29B31E9F006488B4 /* Release */,
			);
			defaultConfigurationIsVisible = 0;
			defaultConfigurationName = Release;
		};
		81DC54CB29B31E9F006488B4 /* Build configuration list for PBXNativeTarget "JcyMapLibraryUITests" */ = {
			isa = XCConfigurationList;
			buildConfigurations = (
				81DC54CC29B31E9F006488B4 /* Debug */,
				81DC54CD29B31E9F006488B4 /* Release */,
			);
			defaultConfigurationIsVisible = 0;
			defaultConfigurationName = Release;
		};
/* End XCConfigurationList section */
	};
	rootObject = 81DC549929B31E9E006488B4 /* Project object */;
}
