{
  "pins" : [
    {
      "identity" : "arcgis-runtime-ios",
      "kind" : "remoteSourceControl",
      "location" : "https://github.com/Esri/arcgis-runtime-ios.git",
      "state" : {
        "branch" : "100.15.1",
        "revision" : "cf8338c283184808fb05d3bd26abc7187bc1cb1e"
      }
    }
  ],
  "version" : 2
}
